
Microsoft Visual Studio Solution File, Format Version 12.00
# Visual Studio Version 17
VisualStudioVersion = 17.3.32929.385
MinimumVisualStudioVersion = 10.0.40219.1
Project("{9A19103F-16F7-4668-BE54-9A1E7A4F7556}") = "API", "API\API.csproj", "{E2170592-3042-4F54-98C9-419392C3111E}"
EndProject
Project("{54A90642-561A-4BB1-A94E-469ADEE60C69}") = "WebClient", "client\WebClient.esproj", "{B588C88A-07DF-4D3F-9265-B30EAA870ED5}"
EndProject
Project("{FAE04EC0-301F-11D3-BF4B-00C04F79EFBC}") = "UnitTests", "UnitTests\UnitTests.csproj", "{818CABA8-5A24-4876-A5D8-63FD4F3E4092}"
EndProject
Global
	GlobalSection(SolutionConfigurationPlatforms) = preSolution
		Debug|Any CPU = Debug|Any CPU
		Release|Any CPU = Release|Any CPU
	EndGlobalSection
	GlobalSection(ProjectConfigurationPlatforms) = postSolution
		{E2170592-3042-4F54-98C9-419392C3111E}.Debug|Any CPU.ActiveCfg = Debug|Any CPU
		{E2170592-3042-4F54-98C9-419392C3111E}.Debug|Any CPU.Build.0 = Debug|Any CPU
		{E2170592-3042-4F54-98C9-419392C3111E}.Release|Any CPU.ActiveCfg = Release|Any CPU
		{E2170592-3042-4F54-98C9-419392C3111E}.Release|Any CPU.Build.0 = Release|Any CPU
		{B588C88A-07DF-4D3F-9265-B30EAA870ED5}.Debug|Any CPU.ActiveCfg = Debug|Any CPU
		{B588C88A-07DF-4D3F-9265-B30EAA870ED5}.Debug|Any CPU.Build.0 = Debug|Any CPU
		{B588C88A-07DF-4D3F-9265-B30EAA870ED5}.Debug|Any CPU.Deploy.0 = Debug|Any CPU
		{B588C88A-07DF-4D3F-9265-B30EAA870ED5}.Release|Any CPU.ActiveCfg = Release|Any CPU
		{B588C88A-07DF-4D3F-9265-B30EAA870ED5}.Release|Any CPU.Build.0 = Release|Any CPU
		{B588C88A-07DF-4D3F-9265-B30EAA870ED5}.Release|Any CPU.Deploy.0 = Release|Any CPU
		{818CABA8-5A24-4876-A5D8-63FD4F3E4092}.Debug|Any CPU.ActiveCfg = Debug|Any CPU
		{818CABA8-5A24-4876-A5D8-63FD4F3E4092}.Debug|Any CPU.Build.0 = Debug|Any CPU
		{818CABA8-5A24-4876-A5D8-63FD4F3E4092}.Release|Any CPU.ActiveCfg = Release|Any CPU
		{818CABA8-5A24-4876-A5D8-63FD4F3E4092}.Release|Any CPU.Build.0 = Release|Any CPU
	EndGlobalSection
	GlobalSection(SolutionProperties) = preSolution
		HideSolutionNode = FALSE
	EndGlobalSection
	GlobalSection(ExtensibilityGlobals) = postSolution
		SolutionGuid = {54FE8BE6-D754-4C47-AB1A-BA63619A0C7C}
	EndGlobalSection
EndGlobal
